
Microsoft Visual Studio Solution File, Format Version 12.00
# Visual Studio Version 16
VisualStudioVersion = 16.0.31515.178
MinimumVisualStudioVersion = 10.0.40219.1
Project("{9A19103F-16F7-4668-BE54-9A1E7A4F7556}") = "Cinema.WebApi", "Cinema.WebApi\Cinema.WebApi.csproj", "{7B7E1F5D-BD3B-4BC5-9BBA-EE7B40D2BC32}"
EndProject
Project("{2150E333-8FDC-42A3-9474-1A3956D46DE8}") = "BLL", "BLL", "{A4F9D618-4A37-4814-8A08-4F3759685E41}"
EndProject
Project("{2150E333-8FDC-42A3-9474-1A3956D46DE8}") = "DAL", "DAL", "{D63310B5-29FF-41D4-A8F2-2B740648A9B4}"
EndProject
Project("{2150E333-8FDC-42A3-9474-1A3956D46DE8}") = "Interfaces", "Interfaces", "{EE8E4A91-9B7D-47EA-A4DF-FAC9016E43E3}"
EndProject
Project("{2150E333-8FDC-42A3-9474-1A3956D46DE8}") = "Entities", "Entities", "{DB2F65FC-B4D5-423C-853A-CDA211ECA9E5}"
EndProject
Project("{9A19103F-16F7-4668-BE54-9A1E7A4F7556}") = "Cinema.Services", "Cinema.Services\Cinema.Services.csproj", "{E73E61D8-FFAE-4C41-AAC1-19241316796E}"
EndProject
Project("{9A19103F-16F7-4668-BE54-9A1E7A4F7556}") = "Cinema.Repositories", "Cinema.Repositories\Cinema.Repositories.csproj", "{D8BA469D-6201-40B5-B4B1-CED378889421}"
EndProject
Project("{9A19103F-16F7-4668-BE54-9A1E7A4F7556}") = "Cinema.IRepositories", "Cinema.IRepositories\Cinema.IRepositories.csproj", "{664CA2FE-7A21-43F8-A6F7-65FF7D1536E3}"
EndProject
Project("{9A19103F-16F7-4668-BE54-9A1E7A4F7556}") = "Cinema.IServices", "Cinema.IServices\Cinema.IServices.csproj", "{5EBE1514-9DB0-47E2-B84E-EADE59762CB1}"
EndProject
Project("{FAE04EC0-301F-11D3-BF4B-00C04F79EFBC}") = "Cinema.FakeRepositories", "Cinema.FakeRepositories\Cinema.FakeRepositories.csproj", "{B6430FBC-F974-4C2A-82FF-42380E6F3C81}"
EndProject
Project("{2150E333-8FDC-42A3-9474-1A3956D46DE8}") = "Tests", "Tests", "{32BD8A99-A965-431A-A83A-D97D859262A3}"
EndProject
Project("{FAE04EC0-301F-11D3-BF4B-00C04F79EFBC}") = "Tests", "Tests\Tests.csproj", "{C632269D-126E-416A-A459-B5C25BB0C63F}"
EndProject
Project("{FAE04EC0-301F-11D3-BF4B-00C04F79EFBC}") = "Ciname.Entities", "Ciname.Entities\Ciname.Entities.csproj", "{A6A46B9E-0DA1-43D3-B6DF-AF012373CF61}"
EndProject
Project("{FAE04EC0-301F-11D3-BF4B-00C04F79EFBC}") = "Cinema.Dto", "Cinema.Dto\Cinema.Dto.csproj", "{71D532E6-99CC-4256-BBA2-D9661D9923B4}"
EndProject
Global
	GlobalSection(SolutionConfigurationPlatforms) = preSolution
		Debug|Any CPU = Debug|Any CPU
		Release|Any CPU = Release|Any CPU
	EndGlobalSection
	GlobalSection(ProjectConfigurationPlatforms) = postSolution
		{7B7E1F5D-BD3B-4BC5-9BBA-EE7B40D2BC32}.Debug|Any CPU.ActiveCfg = Debug|Any CPU
		{7B7E1F5D-BD3B-4BC5-9BBA-EE7B40D2BC32}.Debug|Any CPU.Build.0 = Debug|Any CPU
		{7B7E1F5D-BD3B-4BC5-9BBA-EE7B40D2BC32}.Release|Any CPU.ActiveCfg = Release|Any CPU
		{7B7E1F5D-BD3B-4BC5-9BBA-EE7B40D2BC32}.Release|Any CPU.Build.0 = Release|Any CPU
		{E73E61D8-FFAE-4C41-AAC1-19241316796E}.Debug|Any CPU.ActiveCfg = Debug|Any CPU
		{E73E61D8-FFAE-4C41-AAC1-19241316796E}.Debug|Any CPU.Build.0 = Debug|Any CPU
		{E73E61D8-FFAE-4C41-AAC1-19241316796E}.Release|Any CPU.ActiveCfg = Release|Any CPU
		{E73E61D8-FFAE-4C41-AAC1-19241316796E}.Release|Any CPU.Build.0 = Release|Any CPU
		{D8BA469D-6201-40B5-B4B1-CED378889421}.Debug|Any CPU.ActiveCfg = Debug|Any CPU
		{D8BA469D-6201-40B5-B4B1-CED378889421}.Debug|Any CPU.Build.0 = Debug|Any CPU
		{D8BA469D-6201-40B5-B4B1-CED378889421}.Release|Any CPU.ActiveCfg = Release|Any CPU
		{D8BA469D-6201-40B5-B4B1-CED378889421}.Release|Any CPU.Build.0 = Release|Any CPU
		{664CA2FE-7A21-43F8-A6F7-65FF7D1536E3}.Debug|Any CPU.ActiveCfg = Debug|Any CPU
		{664CA2FE-7A21-43F8-A6F7-65FF7D1536E3}.Debug|Any CPU.Build.0 = Debug|Any CPU
		{664CA2FE-7A21-43F8-A6F7-65FF7D1536E3}.Release|Any CPU.ActiveCfg = Release|Any CPU
		{664CA2FE-7A21-43F8-A6F7-65FF7D1536E3}.Release|Any CPU.Build.0 = Release|Any CPU
		{5EBE1514-9DB0-47E2-B84E-EADE59762CB1}.Debug|Any CPU.ActiveCfg = Debug|Any CPU
		{5EBE1514-9DB0-47E2-B84E-EADE59762CB1}.Debug|Any CPU.Build.0 = Debug|Any CPU
		{5EBE1514-9DB0-47E2-B84E-EADE59762CB1}.Release|Any CPU.ActiveCfg = Release|Any CPU
		{5EBE1514-9DB0-47E2-B84E-EADE59762CB1}.Release|Any CPU.Build.0 = Release|Any CPU
		{B6430FBC-F974-4C2A-82FF-42380E6F3C81}.Debug|Any CPU.ActiveCfg = Debug|Any CPU
		{B6430FBC-F974-4C2A-82FF-42380E6F3C81}.Debug|Any CPU.Build.0 = Debug|Any CPU
		{B6430FBC-F974-4C2A-82FF-42380E6F3C81}.Release|Any CPU.ActiveCfg = Release|Any CPU
		{B6430FBC-F974-4C2A-82FF-42380E6F3C81}.Release|Any CPU.Build.0 = Release|Any CPU
		{C632269D-126E-416A-A459-B5C25BB0C63F}.Debug|Any CPU.ActiveCfg = Debug|Any CPU
		{C632269D-126E-416A-A459-B5C25BB0C63F}.Debug|Any CPU.Build.0 = Debug|Any CPU
		{C632269D-126E-416A-A459-B5C25BB0C63F}.Release|Any CPU.ActiveCfg = Release|Any CPU
		{C632269D-126E-416A-A459-B5C25BB0C63F}.Release|Any CPU.Build.0 = Release|Any CPU
		{A6A46B9E-0DA1-43D3-B6DF-AF012373CF61}.Debug|Any CPU.ActiveCfg = Debug|Any CPU
		{A6A46B9E-0DA1-43D3-B6DF-AF012373CF61}.Debug|Any CPU.Build.0 = Debug|Any CPU
		{A6A46B9E-0DA1-43D3-B6DF-AF012373CF61}.Release|Any CPU.ActiveCfg = Release|Any CPU
		{A6A46B9E-0DA1-43D3-B6DF-AF012373CF61}.Release|Any CPU.Build.0 = Release|Any CPU
		{71D532E6-99CC-4256-BBA2-D9661D9923B4}.Debug|Any CPU.ActiveCfg = Debug|Any CPU
		{71D532E6-99CC-4256-BBA2-D9661D9923B4}.Debug|Any CPU.Build.0 = Debug|Any CPU
		{71D532E6-99CC-4256-BBA2-D9661D9923B4}.Release|Any CPU.ActiveCfg = Release|Any CPU
		{71D532E6-99CC-4256-BBA2-D9661D9923B4}.Release|Any CPU.Build.0 = Release|Any CPU
	EndGlobalSection
	GlobalSection(SolutionProperties) = preSolution
		HideSolutionNode = FALSE
	EndGlobalSection
	GlobalSection(NestedProjects) = preSolution
		{E73E61D8-FFAE-4C41-AAC1-19241316796E} = {A4F9D618-4A37-4814-8A08-4F3759685E41}
		{D8BA469D-6201-40B5-B4B1-CED378889421} = {D63310B5-29FF-41D4-A8F2-2B740648A9B4}
		{664CA2FE-7A21-43F8-A6F7-65FF7D1536E3} = {EE8E4A91-9B7D-47EA-A4DF-FAC9016E43E3}
		{5EBE1514-9DB0-47E2-B84E-EADE59762CB1} = {EE8E4A91-9B7D-47EA-A4DF-FAC9016E43E3}
		{B6430FBC-F974-4C2A-82FF-42380E6F3C81} = {D63310B5-29FF-41D4-A8F2-2B740648A9B4}
		{C632269D-126E-416A-A459-B5C25BB0C63F} = {32BD8A99-A965-431A-A83A-D97D859262A3}
		{A6A46B9E-0DA1-43D3-B6DF-AF012373CF61} = {DB2F65FC-B4D5-423C-853A-CDA211ECA9E5}
		{71D532E6-99CC-4256-BBA2-D9661D9923B4} = {D63310B5-29FF-41D4-A8F2-2B740648A9B4}
	EndGlobalSection
	GlobalSection(ExtensibilityGlobals) = postSolution
		SolutionGuid = {EC2ED592-331A-4C0A-AA02-D4A4BA5AE605}
	EndGlobalSection
EndGlobal
